
Microsoft Visual Studio Solution File, Format Version 12.00
# Visual Studio Version 17
VisualStudioVersion = 17.3.32929.385
MinimumVisualStudioVersion = 10.0.40219.1
Project("{FAE04EC0-301F-11D3-BF4B-00C04F79EFBC}") = "Smarthome", "Smarthome.csproj", "{8882E075-E4C4-4362-B592-3434FBB67503}"
EndProject
Global
	GlobalSection(SolutionConfigurationPlatforms) = preSolution
		Debug|Any CPU = Debug|Any CPU
		Release|Any CPU = Release|Any CPU
	EndGlobalSection
	GlobalSection(ProjectConfigurationPlatforms) = postSolution
		{8882E075-E4C4-4362-B592-3434FBB67503}.Debug|Any CPU.ActiveCfg = Debug|Any CPU
		{8882E075-E4C4-4362-B592-3434FBB67503}.Debug|Any CPU.Build.0 = Debug|Any CPU
		{8882E075-E4C4-4362-B592-3434FBB67503}.Release|Any CPU.ActiveCfg = Release|Any CPU
		{8882E075-E4C4-4362-B592-3434FBB67503}.Release|Any CPU.Build.0 = Release|Any CPU
	EndGlobalSection
	GlobalSection(SolutionProperties) = preSolution
		HideSolutionNode = FALSE
	EndGlobalSection
	GlobalSection(ExtensibilityGlobals) = postSolution
		SolutionGuid = {690378DB-5362-4B8C-AED8-69BFCC4B2AD7}
	EndGlobalSection
EndGlobal
